
Microsoft Visual Studio Solution File, Format Version 12.00
# Visual Studio Version 16
VisualStudioVersion = 16.0.30621.155
MinimumVisualStudioVersion = 10.0.40219.1
Project("{FAE04EC0-301F-11D3-BF4B-00C04F79EFBC}") = "CRMSampleCode", "CRMSampleCode\CRMSampleCode.csproj", "{A5BFE78C-73B5-44A6-92B4-B97C9EBFAA58}"
EndProject
Global
	GlobalSection(SolutionConfigurationPlatforms) = preSolution
		Debug|Any CPU = Debug|Any CPU
		Release|Any CPU = Release|Any CPU
	EndGlobalSection
	GlobalSection(ProjectConfigurationPlatforms) = postSolution
		{A5BFE78C-73B5-44A6-92B4-B97C9EBFAA58}.Debug|Any CPU.ActiveCfg = Debug|Any CPU
		{A5BFE78C-73B5-44A6-92B4-B97C9EBFAA58}.Debug|Any CPU.Build.0 = Debug|Any CPU
		{A5BFE78C-73B5-44A6-92B4-B97C9EBFAA58}.Release|Any CPU.ActiveCfg = Release|Any CPU
		{A5BFE78C-73B5-44A6-92B4-B97C9EBFAA58}.Release|Any CPU.Build.0 = Release|Any CPU
	EndGlobalSection
	GlobalSection(SolutionProperties) = preSolution
		HideSolutionNode = FALSE
	EndGlobalSection
	GlobalSection(ExtensibilityGlobals) = postSolution
		SolutionGuid = {36A7A030-E79B-4D81-BFBD-FD315431CF46}
	EndGlobalSection
EndGlobal
